// !$*UTF8*$!
{
	archiveVersion = 1;
	classes = {
	};
	objectVersion = 46;
	objects = {

/* Begin PBXBuildFile section */
		4530B58B19F5D7E200B9DCCC /* Repo.swift in Sources */ = {isa = PBXBuildFile; fileRef = 4530B58A19F5D7E200B9DCCC /* Repo.swift */; };
		4530B58E19F5E65900B9DCCC /* ReposViewController.swift in Sources */ = {isa = PBXBuildFile; fileRef = 4530B58D19F5E65900B9DCCC /* ReposViewController.swift */; };
		453E832D19F84A5500E0CBC3 /* UsersViewController.swift in Sources */ = {isa = PBXBuildFile; fileRef = 453E832C19F84A5500E0CBC3 /* UsersViewController.swift */; };
		453E832F19F84E6C00E0CBC3 /* User.swift in Sources */ = {isa = PBXBuildFile; fileRef = 453E832E19F84E6C00E0CBC3 /* User.swift */; };
		453E833619F853C800E0CBC3 /* UserCell.swift in Sources */ = {isa = PBXBuildFile; fileRef = 453E833419F853C800E0CBC3 /* UserCell.swift */; };
		45441FF119F5C2910097C1C6 /* SplitViewContainerController.swift in Sources */ = {isa = PBXBuildFile; fileRef = 45441FF019F5C2910097C1C6 /* SplitViewContainerController.swift */; };
		45BA14E419F5ABE20017B3EB /* AppDelegate.swift in Sources */ = {isa = PBXBuildFile; fileRef = 45BA14E319F5ABE20017B3EB /* AppDelegate.swift */; };
		45BA14E719F5ABE20017B3EB /* GitHubProject.xcdatamodeld in Sources */ = {isa = PBXBuildFile; fileRef = 45BA14E519F5ABE20017B3EB /* GitHubProject.xcdatamodeld */; };
		45BA14EC19F5ABE20017B3EB /* Main.storyboard in Resources */ = {isa = PBXBuildFile; fileRef = 45BA14EA19F5ABE20017B3EB /* Main.storyboard */; };
		45BA14EE19F5ABE20017B3EB /* Images.xcassets in Resources */ = {isa = PBXBuildFile; fileRef = 45BA14ED19F5ABE20017B3EB /* Images.xcassets */; };
		45BA14F119F5ABE20017B3EB /* LaunchScreen.xib in Resources */ = {isa = PBXBuildFile; fileRef = 45BA14EF19F5ABE20017B3EB /* LaunchScreen.xib */; };
		45BA14FD19F5ABE20017B3EB /* GitHubProjectTests.swift in Sources */ = {isa = PBXBuildFile; fileRef = 45BA14FC19F5ABE20017B3EB /* GitHubProjectTests.swift */; };
		45BA150919F5B5F90017B3EB /* NetworkController.swift in Sources */ = {isa = PBXBuildFile; fileRef = 45BA150819F5B5F90017B3EB /* NetworkController.swift */; };
		45CD764F19F99D4E008EBE82 /* UserDetailViewController.swift in Sources */ = {isa = PBXBuildFile; fileRef = 45CD764E19F99D4E008EBE82 /* UserDetailViewController.swift */; };
		45E6FBA819F9B8B300974E65 /* ShowImageAnimator.swift in Sources */ = {isa = PBXBuildFile; fileRef = 45E6FBA719F9B8B300974E65 /* ShowImageAnimator.swift */; };
		45E6FBAA19F9BC4100974E65 /* HideImageAnimator.swift in Sources */ = {isa = PBXBuildFile; fileRef = 45E6FBA919F9BC4100974E65 /* HideImageAnimator.swift */; };
		45E6FBAC19FB010D00974E65 /* Extension.swift in Sources */ = {isa = PBXBuildFile; fileRef = 45E6FBAB19FB010D00974E65 /* Extension.swift */; };
		45E6FBAE19FB0B1D00974E65 /* WKWebView.swift in Sources */ = {isa = PBXBuildFile; fileRef = 45E6FBAD19FB0B1D00974E65 /* WKWebView.swift */; };
/* End PBXBuildFile section */

/* Begin PBXContainerItemProxy section */
		45BA14F719F5ABE20017B3EB /* PBXContainerItemProxy */ = {
			isa = PBXContainerItemProxy;
			containerPortal = 45BA14D619F5ABE20017B3EB /* Project object */;
			proxyType = 1;
			remoteGlobalIDString = 45BA14DD19F5ABE20017B3EB;
			remoteInfo = GitHubProject;
		};
/* End PBXContainerItemProxy section */

/* Begin PBXFileReference section */
		4530B58A19F5D7E200B9DCCC /* Repo.swift */ = {isa = PBXFileReference; fileEncoding = 4; lastKnownFileType = sourcecode.swift; path = Repo.swift; sourceTree = "<group>"; };
		4530B58D19F5E65900B9DCCC /* ReposViewController.swift */ = {isa = PBXFileReference; fileEncoding = 4; lastKnownFileType = sourcecode.swift; path = ReposViewController.swift; sourceTree = "<group>"; };
		453E832C19F84A5500E0CBC3 /* UsersViewController.swift */ = {isa = PBXFileReference; fileEncoding = 4; lastKnownFileType = sourcecode.swift; path = UsersViewController.swift; sourceTree = "<group>"; };
		453E832E19F84E6C00E0CBC3 /* User.swift */ = {isa = PBXFileReference; fileEncoding = 4; lastKnownFileType = sourcecode.swift; path = User.swift; sourceTree = "<group>"; };
		453E833419F853C800E0CBC3 /* UserCell.swift */ = {isa = PBXFileReference; fileEncoding = 4; lastKnownFileType = sourcecode.swift; name = UserCell.swift; path = ../UserCell.swift; sourceTree = "<group>"; };
		45441FF019F5C2910097C1C6 /* SplitViewContainerController.swift */ = {isa = PBXFileReference; fileEncoding = 4; lastKnownFileType = sourcecode.swift; path = SplitViewContainerController.swift; sourceTree = "<group>"; };
		45BA14DE19F5ABE20017B3EB /* GitHubProject.app */ = {isa = PBXFileReference; explicitFileType = wrapper.application; includeInIndex = 0; path = GitHubProject.app; sourceTree = BUILT_PRODUCTS_DIR; };
		45BA14E219F5ABE20017B3EB /* Info.plist */ = {isa = PBXFileReference; lastKnownFileType = text.plist.xml; path = Info.plist; sourceTree = "<group>"; };
		45BA14E319F5ABE20017B3EB /* AppDelegate.swift */ = {isa = PBXFileReference; lastKnownFileType = sourcecode.swift; path = AppDelegate.swift; sourceTree = "<group>"; };
		45BA14E619F5ABE20017B3EB /* GitHubProject.xcdatamodel */ = {isa = PBXFileReference; lastKnownFileType = wrapper.xcdatamodel; path = GitHubProject.xcdatamodel; sourceTree = "<group>"; };
		45BA14EB19F5ABE20017B3EB /* Base */ = {isa = PBXFileReference; lastKnownFileType = file.storyboard; name = Base; path = Base.lproj/Main.storyboard; sourceTree = "<group>"; };
		45BA14ED19F5ABE20017B3EB /* Images.xcassets */ = {isa = PBXFileReference; lastKnownFileType = folder.assetcatalog; path = Images.xcassets; sourceTree = "<group>"; };
		45BA14F019F5ABE20017B3EB /* Base */ = {isa = PBXFileReference; lastKnownFileType = file.xib; name = Base; path = Base.lproj/LaunchScreen.xib; sourceTree = "<group>"; };
		45BA14F619F5ABE20017B3EB /* GitHubProjectTests.xctest */ = {isa = PBXFileReference; explicitFileType = wrapper.cfbundle; includeInIndex = 0; path = GitHubProjectTests.xctest; sourceTree = BUILT_PRODUCTS_DIR; };
		45BA14FB19F5ABE20017B3EB /* Info.plist */ = {isa = PBXFileReference; lastKnownFileType = text.plist.xml; path = Info.plist; sourceTree = "<group>"; };
		45BA14FC19F5ABE20017B3EB /* GitHubProjectTests.swift */ = {isa = PBXFileReference; lastKnownFileType = sourcecode.swift; path = GitHubProjectTests.swift; sourceTree = "<group>"; };
		45BA150819F5B5F90017B3EB /* NetworkController.swift */ = {isa = PBXFileReference; fileEncoding = 4; lastKnownFileType = sourcecode.swift; path = NetworkController.swift; sourceTree = "<group>"; };
		45CD764E19F99D4E008EBE82 /* UserDetailViewController.swift */ = {isa = PBXFileReference; fileEncoding = 4; lastKnownFileType = sourcecode.swift; path = UserDetailViewController.swift; sourceTree = "<group>"; };
		45E6FBA719F9B8B300974E65 /* ShowImageAnimator.swift */ = {isa = PBXFileReference; fileEncoding = 4; lastKnownFileType = sourcecode.swift; path = ShowImageAnimator.swift; sourceTree = "<group>"; };
		45E6FBA919F9BC4100974E65 /* HideImageAnimator.swift */ = {isa = PBXFileReference; fileEncoding = 4; lastKnownFileType = sourcecode.swift; path = HideImageAnimator.swift; sourceTree = "<group>"; };
		45E6FBAB19FB010D00974E65 /* Extension.swift */ = {isa = PBXFileReference; fileEncoding = 4; lastKnownFileType = sourcecode.swift; path = Extension.swift; sourceTree = "<group>"; };
		45E6FBAD19FB0B1D00974E65 /* WKWebView.swift */ = {isa = PBXFileReference; fileEncoding = 4; lastKnownFileType = sourcecode.swift; path = WKWebView.swift; sourceTree = "<group>"; };
/* End PBXFileReference section */

/* Begin PBXFrameworksBuildPhase section */
		45BA14DB19F5ABE20017B3EB /* Frameworks */ = {
			isa = PBXFrameworksBuildPhase;
			buildActionMask = 2147483647;
			files = (
			);
			runOnlyForDeploymentPostprocessing = 0;
		};
		45BA14F319F5ABE20017B3EB /* Frameworks */ = {
			isa = PBXFrameworksBuildPhase;
			buildActionMask = 2147483647;
			files = (
			);
			runOnlyForDeploymentPostprocessing = 0;
		};
/* End PBXFrameworksBuildPhase section */

/* Begin PBXGroup section */
		4530B58C19F5D7ED00B9DCCC /* Model Layer */ = {
			isa = PBXGroup;
			children = (
				45E6FBAB19FB010D00974E65 /* Extension.swift */,
				45E6FBAD19FB0B1D00974E65 /* WKWebView.swift */,
				45E6FBA719F9B8B300974E65 /* ShowImageAnimator.swift */,
				45E6FBA919F9BC4100974E65 /* HideImageAnimator.swift */,
				4530B58A19F5D7E200B9DCCC /* Repo.swift */,
				453E832E19F84E6C00E0CBC3 /* User.swift */,
				453E833419F853C800E0CBC3 /* UserCell.swift */,
			);
			name = "Model Layer";
			sourceTree = "<group>";
		};
		453E833019F84ED700E0CBC3 /* Controller Layer */ = {
			isa = PBXGroup;
			children = (
				4530B58D19F5E65900B9DCCC /* ReposViewController.swift */,
				453E832C19F84A5500E0CBC3 /* UsersViewController.swift */,
				45CD764E19F99D4E008EBE82 /* UserDetailViewController.swift */,
				45BA150819F5B5F90017B3EB /* NetworkController.swift */,
			);
			name = "Controller Layer";
			sourceTree = "<group>";
		};
		453E833119F84EF200E0CBC3 /* View Layer */ = {
			isa = PBXGroup;
			children = (
				45BA14EA19F5ABE20017B3EB /* Main.storyboard */,
				45441FF019F5C2910097C1C6 /* SplitViewContainerController.swift */,
			);
			name = "View Layer";
			sourceTree = "<group>";
		};
		45BA14D519F5ABE20017B3EB = {
			isa = PBXGroup;
			children = (
				45BA14E019F5ABE20017B3EB /* GitHubProject */,
				45BA14F919F5ABE20017B3EB /* GitHubProjectTests */,
				45BA14DF19F5ABE20017B3EB /* Products */,
			);
			sourceTree = "<group>";
		};
		45BA14DF19F5ABE20017B3EB /* Products */ = {
			isa = PBXGroup;
			children = (
				45BA14DE19F5ABE20017B3EB /* GitHubProject.app */,
				45BA14F619F5ABE20017B3EB /* GitHubProjectTests.xctest */,
			);
			name = Products;
			sourceTree = "<group>";
		};
		45BA14E019F5ABE20017B3EB /* GitHubProject */ = {
			isa = PBXGroup;
			children = (
				45BA14E319F5ABE20017B3EB /* AppDelegate.swift */,
				453E833119F84EF200E0CBC3 /* View Layer */,
				453E833019F84ED700E0CBC3 /* Controller Layer */,
				4530B58C19F5D7ED00B9DCCC /* Model Layer */,
				45BA14ED19F5ABE20017B3EB /* Images.xcassets */,
				45BA14EF19F5ABE20017B3EB /* LaunchScreen.xib */,
				45BA14E519F5ABE20017B3EB /* GitHubProject.xcdatamodeld */,
				45BA14E119F5ABE20017B3EB /* Supporting Files */,
			);
			path = GitHubProject;
			sourceTree = "<group>";
		};
		45BA14E119F5ABE20017B3EB /* Supporting Files */ = {
			isa = PBXGroup;
			children = (
				45BA14E219F5ABE20017B3EB /* Info.plist */,
			);
			name = "Supporting Files";
			sourceTree = "<group>";
		};
		45BA14F919F5ABE20017B3EB /* GitHubProjectTests */ = {
			isa = PBXGroup;
			children = (
				45BA14FC19F5ABE20017B3EB /* GitHubProjectTests.swift */,
				45BA14FA19F5ABE20017B3EB /* Supporting Files */,
			);
			path = GitHubProjectTests;
			sourceTree = "<group>";
		};
		45BA14FA19F5ABE20017B3EB /* Supporting Files */ = {
			isa = PBXGroup;
			children = (
				45BA14FB19F5ABE20017B3EB /* Info.plist */,
			);
			name = "Supporting Files";
			sourceTree = "<group>";
		};
/* End PBXGroup section */

/* Begin PBXNativeTarget section */
		45BA14DD19F5ABE20017B3EB /* GitHubProject */ = {
			isa = PBXNativeTarget;
			buildConfigurationList = 45BA150019F5ABE20017B3EB /* Build configuration list for PBXNativeTarget "GitHubProject" */;
			buildPhases = (
				45BA14DA19F5ABE20017B3EB /* Sources */,
				45BA14DB19F5ABE20017B3EB /* Frameworks */,
				45BA14DC19F5ABE20017B3EB /* Resources */,
			);
			buildRules = (
			);
			dependencies = (
			);
			name = GitHubProject;
			productName = GitHubProject;
			productReference = 45BA14DE19F5ABE20017B3EB /* GitHubProject.app */;
			productType = "com.apple.product-type.application";
		};
		45BA14F519F5ABE20017B3EB /* GitHubProjectTests */ = {
			isa = PBXNativeTarget;
			buildConfigurationList = 45BA150319F5ABE20017B3EB /* Build configuration list for PBXNativeTarget "GitHubProjectTests" */;
			buildPhases = (
				45BA14F219F5ABE20017B3EB /* Sources */,
				45BA14F319F5ABE20017B3EB /* Frameworks */,
				45BA14F419F5ABE20017B3EB /* Resources */,
			);
			buildRules = (
			);
			dependencies = (
				45BA14F819F5ABE20017B3EB /* PBXTargetDependency */,
			);
			name = GitHubProjectTests;
			productName = GitHubProjectTests;
			productReference = 45BA14F619F5ABE20017B3EB /* GitHubProjectTests.xctest */;
			productType = "com.apple.product-type.bundle.unit-test";
		};
/* End PBXNativeTarget section */

/* Begin PBXProject section */
		45BA14D619F5ABE20017B3EB /* Project object */ = {
			isa = PBXProject;
			attributes = {
				LastUpgradeCheck = 0610;
				ORGANIZATIONNAME = "Brian Mendez";
				TargetAttributes = {
					45BA14DD19F5ABE20017B3EB = {
						CreatedOnToolsVersion = 6.1;
					};
					45BA14F519F5ABE20017B3EB = {
						CreatedOnToolsVersion = 6.1;
						TestTargetID = 45BA14DD19F5ABE20017B3EB;
					};
				};
			};
			buildConfigurationList = 45BA14D919F5ABE20017B3EB /* Build configuration list for PBXProject "GitHubProject" */;
			compatibilityVersion = "Xcode 3.2";
			developmentRegion = English;
			hasScannedForEncodings = 0;
			knownRegions = (
				en,
				Base,
			);
			mainGroup = 45BA14D519F5ABE20017B3EB;
			productRefGroup = 45BA14DF19F5ABE20017B3EB /* Products */;
			projectDirPath = "";
			projectRoot = "";
			targets = (
				45BA14DD19F5ABE20017B3EB /* GitHubProject */,
				45BA14F519F5ABE20017B3EB /* GitHubProjectTests */,
			);
		};
/* End PBXProject section */

/* Begin PBXResourcesBuildPhase section */
		45BA14DC19F5ABE20017B3EB /* Resources */ = {
			isa = PBXResourcesBuildPhase;
			buildActionMask = 2147483647;
			files = (
				45BA14EC19F5ABE20017B3EB /* Main.storyboard in Resources */,
				45BA14F119F5ABE20017B3EB /* LaunchScreen.xib in Resources */,
				45BA14EE19F5ABE20017B3EB /* Images.xcassets in Resources */,
			);
			runOnlyForDeploymentPostprocessing = 0;
		};
		45BA14F419F5ABE20017B3EB /* Resources */ = {
			isa = PBXResourcesBuildPhase;
			buildActionMask = 2147483647;
			files = (
			);
			runOnlyForDeploymentPostprocessing = 0;
		};
/* End PBXResourcesBuildPhase section */

/* Begin PBXSourcesBuildPhase section */
		45BA14DA19F5ABE20017B3EB /* Sources */ = {
			isa = PBXSourcesBuildPhase;
			buildActionMask = 2147483647;
			files = (
				45BA150919F5B5F90017B3EB /* NetworkController.swift in Sources */,
				45BA14E719F5ABE20017B3EB /* GitHubProject.xcdatamodeld in Sources */,
				45E6FBAA19F9BC4100974E65 /* HideImageAnimator.swift in Sources */,
				45E6FBA819F9B8B300974E65 /* ShowImageAnimator.swift in Sources */,
				4530B58E19F5E65900B9DCCC /* ReposViewController.swift in Sources */,
				453E832D19F84A5500E0CBC3 /* UsersViewController.swift in Sources */,
				453E832F19F84E6C00E0CBC3 /* User.swift in Sources */,
				45E6FBAE19FB0B1D00974E65 /* WKWebView.swift in Sources */,
				453E833619F853C800E0CBC3 /* UserCell.swift in Sources */,
				45CD764F19F99D4E008EBE82 /* UserDetailViewController.swift in Sources */,
				45E6FBAC19FB010D00974E65 /* Extension.swift in Sources */,
				4530B58B19F5D7E200B9DCCC /* Repo.swift in Sources */,
				45BA14E419F5ABE20017B3EB /* AppDelegate.swift in Sources */,
				45441FF119F5C2910097C1C6 /* SplitViewContainerController.swift in Sources */,
			);
			runOnlyForDeploymentPostprocessing = 0;
		};
		45BA14F219F5ABE20017B3EB /* Sources */ = {
			isa = PBXSourcesBuildPhase;
			buildActionMask = 2147483647;
			files = (
				45BA14FD19F5ABE20017B3EB /* GitHubProjectTests.swift in Sources */,
			);
			runOnlyForDeploymentPostprocessing = 0;
		};
/* End PBXSourcesBuildPhase section */

/* Begin PBXTargetDependency section */
		45BA14F819F5ABE20017B3EB /* PBXTargetDependency */ = {
			isa = PBXTargetDependency;
			target = 45BA14DD19F5ABE20017B3EB /* GitHubProject */;
			targetProxy = 45BA14F719F5ABE20017B3EB /* PBXContainerItemProxy */;
		};
/* End PBXTargetDependency section */

/* Begin PBXVariantGroup section */
		45BA14EA19F5ABE20017B3EB /* Main.storyboard */ = {
			isa = PBXVariantGroup;
			children = (
				45BA14EB19F5ABE20017B3EB /* Base */,
			);
			name = Main.storyboard;
			sourceTree = "<group>";
		};
		45BA14EF19F5ABE20017B3EB /* LaunchScreen.xib */ = {
			isa = PBXVariantGroup;
			children = (
				45BA14F019F5ABE20017B3EB /* Base */,
			);
			name = LaunchScreen.xib;
			sourceTree = "<group>";
		};
/* End PBXVariantGroup section */

/* Begin XCBuildConfiguration section */
		45BA14FE19F5ABE20017B3EB /* Debug */ = {
			isa = XCBuildConfiguration;
			buildSettings = {
				ALWAYS_SEARCH_USER_PATHS = NO;
				CLANG_CXX_LANGUAGE_STANDARD = "gnu++0x";
				CLANG_CXX_LIBRARY = "libc++";
				CLANG_ENABLE_MODULES = YES;
				CLANG_ENABLE_OBJC_ARC = YES;
				CLANG_WARN_BOOL_CONVERSION = YES;
				CLANG_WARN_CONSTANT_CONVERSION = YES;
				CLANG_WARN_DIRECT_OBJC_ISA_USAGE = YES_ERROR;
				CLANG_WARN_EMPTY_BODY = YES;
				CLANG_WARN_ENUM_CONVERSION = YES;
				CLANG_WARN_INT_CONVERSION = YES;
				CLANG_WARN_OBJC_ROOT_CLASS = YES_ERROR;
				CLANG_WARN_UNREACHABLE_CODE = YES;
				CLANG_WARN__DUPLICATE_METHOD_MATCH = YES;
				"CODE_SIGN_IDENTITY[sdk=iphoneos*]" = "iPhone Developer";
				COPY_PHASE_STRIP = NO;
				ENABLE_STRICT_OBJC_MSGSEND = YES;
				GCC_C_LANGUAGE_STANDARD = gnu99;
				GCC_DYNAMIC_NO_PIC = NO;
				GCC_OPTIMIZATION_LEVEL = 0;
				GCC_PREPROCESSOR_DEFINITIONS = (
					"DEBUG=1",
					"$(inherited)",
				);
				GCC_SYMBOLS_PRIVATE_EXTERN = NO;
				GCC_WARN_64_TO_32_BIT_CONVERSION = YES;
				GCC_WARN_ABOUT_RETURN_TYPE = YES_ERROR;
				GCC_WARN_UNDECLARED_SELECTOR = YES;
				GCC_WARN_UNINITIALIZED_AUTOS = YES_AGGRESSIVE;
				GCC_WARN_UNUSED_FUNCTION = YES;
				GCC_WARN_UNUSED_VARIABLE = YES;
				IPHONEOS_DEPLOYMENT_TARGET = 8.1;
				MTL_ENABLE_DEBUG_INFO = YES;
				ONLY_ACTIVE_ARCH = YES;
				SDKROOT = iphoneos;
				SWIFT_OPTIMIZATION_LEVEL = "-Onone";
				TARGETED_DEVICE_FAMILY = "1,2";
			};
			name = Debug;
		};
		45BA14FF19F5ABE20017B3EB /* Release */ = {
			isa = XCBuildConfiguration;
			buildSettings = {
				ALWAYS_SEARCH_USER_PATHS = NO;
				CLANG_CXX_LANGUAGE_STANDARD = "gnu++0x";
				CLANG_CXX_LIBRARY = "libc++";
				CLANG_ENABLE_MODULES = YES;
				CLANG_ENABLE_OBJC_ARC = YES;
				CLANG_WARN_BOOL_CONVERSION = YES;
				CLANG_WARN_CONSTANT_CONVERSION = YES;
				CLANG_WARN_DIRECT_OBJC_ISA_USAGE = YES_ERROR;
				CLANG_WARN_EMPTY_BODY = YES;
				CLANG_WARN_ENUM_CONVERSION = YES;
				CLANG_WARN_INT_CONVERSION = YES;
				CLANG_WARN_OBJC_ROOT_CLASS = YES_ERROR;
				CLANG_WARN_UNREACHABLE_CODE = YES;
				CLANG_WARN__DUPLICATE_METHOD_MATCH = YES;
				"CODE_SIGN_IDENTITY[sdk=iphoneos*]" = "iPhone Developer";
				COPY_PHASE_STRIP = YES;
				ENABLE_NS_ASSERTIONS = NO;
				ENABLE_STRICT_OBJC_MSGSEND = YES;
				GCC_C_LANGUAGE_STANDARD = gnu99;
				GCC_WARN_64_TO_32_BIT_CONVERSION = YES;
				GCC_WARN_ABOUT_RETURN_TYPE = YES_ERROR;
				GCC_WARN_UNDECLARED_SELECTOR = YES;
				GCC_WARN_UNINITIALIZED_AUTOS = YES_AGGRESSIVE;
				GCC_WARN_UNUSED_FUNCTION = YES;
				GCC_WARN_UNUSED_VARIABLE = YES;
				IPHONEOS_DEPLOYMENT_TARGET = 8.1;
				MTL_ENABLE_DEBUG_INFO = NO;
				SDKROOT = iphoneos;
				TARGETED_DEVICE_FAMILY = "1,2";
				VALIDATE_PRODUCT = YES;
			};
			name = Release;
		};
		45BA150119F5ABE20017B3EB /* Debug */ = {
			isa = XCBuildConfiguration;
			buildSettings = {
				ASSETCATALOG_COMPILER_APPICON_NAME = AppIcon;
				INFOPLIST_FILE = GitHubProject/Info.plist;
				LD_RUNPATH_SEARCH_PATHS = "$(inherited) @executable_path/Frameworks";
				PRODUCT_NAME = "$(TARGET_NAME)";
			};
			name = Debug;
		};
		45BA150219F5ABE20017B3EB /* Release */ = {
			isa = XCBuildConfiguration;
			buildSettings = {
				ASSETCATALOG_COMPILER_APPICON_NAME = AppIcon;
				INFOPLIST_FILE = GitHubProject/Info.plist;
				LD_RUNPATH_SEARCH_PATHS = "$(inherited) @executable_path/Frameworks";
				PRODUCT_NAME = "$(TARGET_NAME)";
			};
			name = Release;
		};
		45BA150419F5ABE20017B3EB /* Debug */ = {
			isa = XCBuildConfiguration;
			buildSettings = {
				BUNDLE_LOADER = "$(TEST_HOST)";
				FRAMEWORK_SEARCH_PATHS = (
					"$(SDKROOT)/Developer/Library/Frameworks",
					"$(inherited)",
				);
				GCC_PREPROCESSOR_DEFINITIONS = (
					"DEBUG=1",
					"$(inherited)",
				);
				INFOPLIST_FILE = GitHubProjectTests/Info.plist;
				LD_RUNPATH_SEARCH_PATHS = "$(inherited) @executable_path/Frameworks @loader_path/Frameworks";
				PRODUCT_NAME = "$(TARGET_NAME)";
				TEST_HOST = "$(BUILT_PRODUCTS_DIR)/GitHubProject.app/GitHubProject";
			};
			name = Debug;
		};
		45BA150519F5ABE20017B3EB /* Release */ = {
			isa = XCBuildConfiguration;
			buildSettings = {
				BUNDLE_LOADER = "$(TEST_HOST)";
				FRAMEWORK_SEARCH_PATHS = (
					"$(SDKROOT)/Developer/Library/Frameworks",
					"$(inherited)",
				);
				INFOPLIST_FILE = GitHubProjectTests/Info.plist;
				LD_RUNPATH_SEARCH_PATHS = "$(inherited) @executable_path/Frameworks @loader_path/Frameworks";
				PRODUCT_NAME = "$(TARGET_NAME)";
				TEST_HOST = "$(BUILT_PRODUCTS_DIR)/GitHubProject.app/GitHubProject";
			};
			name = Release;
		};
/* End XCBuildConfiguration section */

/* Begin XCConfigurationList section */
		45BA14D919F5ABE20017B3EB /* Build configuration list for PBXProject "GitHubProject" */ = {
			isa = XCConfigurationList;
			buildConfigurations = (
				45BA14FE19F5ABE20017B3EB /* Debug */,
				45BA14FF19F5ABE20017B3EB /* Release */,
			);
			defaultConfigurationIsVisible = 0;
			defaultConfigurationName = Release;
		};
		45BA150019F5ABE20017B3EB /* Build configuration list for PBXNativeTarget "GitHubProject" */ = {
			isa = XCConfigurationList;
			buildConfigurations = (
				45BA150119F5ABE20017B3EB /* Debug */,
				45BA150219F5ABE20017B3EB /* Release */,
			);
			defaultConfigurationIsVisible = 0;
			defaultConfigurationName = Release;
		};
		45BA150319F5ABE20017B3EB /* Build configuration list for PBXNativeTarget "GitHubProjectTests" */ = {
			isa = XCConfigurationList;
			buildConfigurations = (
				45BA150419F5ABE20017B3EB /* Debug */,
				45BA150519F5ABE20017B3EB /* Release */,
			);
			defaultConfigurationIsVisible = 0;
			defaultConfigurationName = Release;
		};
/* End XCConfigurationList section */

/* Begin XCVersionGroup section */
		45BA14E519F5ABE20017B3EB /* GitHubProject.xcdatamodeld */ = {
			isa = XCVersionGroup;
			children = (
				45BA14E619F5ABE20017B3EB /* GitHubProject.xcdatamodel */,
			);
			currentVersion = 45BA14E619F5ABE20017B3EB /* GitHubProject.xcdatamodel */;
			path = GitHubProject.xcdatamodeld;
			sourceTree = "<group>";
			versionGroupType = wrapper.xcdatamodel;
		};
/* End XCVersionGroup section */
	};
	rootObject = 45BA14D619F5ABE20017B3EB /* Project object */;
}
